
Microsoft Visual Studio Solution File, Format Version 12.00
# Visual Studio Version 16
VisualStudioVersion = 16.0.31229.75
MinimumVisualStudioVersion = 10.0.40219.1
Project("{FAE04EC0-301F-11D3-BF4B-00C04F79EFBC}") = "TestEx1", "TestEx1\TestEx1.csproj", "{597DAF6E-9B30-46C8-80B6-2C517CB14B98}"
EndProject
Global
	GlobalSection(SolutionConfigurationPlatforms) = preSolution
		Debug|Any CPU = Debug|Any CPU
		Release|Any CPU = Release|Any CPU
	EndGlobalSection
	GlobalSection(ProjectConfigurationPlatforms) = postSolution
		{597DAF6E-9B30-46C8-80B6-2C517CB14B98}.Debug|Any CPU.ActiveCfg = Debug|Any CPU
		{597DAF6E-9B30-46C8-80B6-2C517CB14B98}.Debug|Any CPU.Build.0 = Debug|Any CPU
		{597DAF6E-9B30-46C8-80B6-2C517CB14B98}.Release|Any CPU.ActiveCfg = Release|Any CPU
		{597DAF6E-9B30-46C8-80B6-2C517CB14B98}.Release|Any CPU.Build.0 = Release|Any CPU
	EndGlobalSection
	GlobalSection(SolutionProperties) = preSolution
		HideSolutionNode = FALSE
	EndGlobalSection
	GlobalSection(ExtensibilityGlobals) = postSolution
		SolutionGuid = {C7341AA4-35FF-496A-BFC2-0E8A8E9AA92B}
	EndGlobalSection
EndGlobal
